# This file is automatically @generated by Poetry 1.8.3 and should not be changed by hand.

[[package]]
name = "phidget22"
version = "1.19.20240513"
description = "Phidget22 Python wrapper library"
optional = false
python-versions = "*"
files = [
    {file = "Phidget22-1.19.20240513-py3-none-any.whl", hash = "sha256:b304fe2b50ff9e74297774f33600b7a29986d74035edbbf548902eabe5da52fe"},
    {file = "Phidget22-1.19.20240513.tar.gz", hash = "sha256:d987e7b087a4bfe5fb3349720692e272025d424f180c86d4d47e6e8ac886b15a"},
]

[metadata]
lock-version = "2.0"
python-versions = "^3.12"
content-hash = "924249efe2da39e789c44ef1c784211119c760426ae27b8a7b8b891ab8e280f4"
